
Microsoft Visual Studio Solution File, Format Version 12.00
# Visual Studio 2012
Project("{2150E333-8FDC-42A3-9474-1A3956D46DE8}") = "Android", "Android", "{F2553F72-830E-40A3-82B8-C2F28C7F11F8}"
EndProject
Project("{FAE04EC0-301F-11D3-BF4B-00C04F79EFBC}") = "OfficeController", "Android\OfficeController\OfficeController.csproj", "{C00DD68F-DBEB-4755-A227-1768F6C94533}"
EndProject
Global
	GlobalSection(SolutionConfigurationPlatforms) = preSolution
		Debug|Any CPU = Debug|Any CPU
		Release|Any CPU = Release|Any CPU
	EndGlobalSection
	GlobalSection(ProjectConfigurationPlatforms) = postSolution
		{C00DD68F-DBEB-4755-A227-1768F6C94533}.Debug|Any CPU.ActiveCfg = Debug|Any CPU
		{C00DD68F-DBEB-4755-A227-1768F6C94533}.Debug|Any CPU.Build.0 = Debug|Any CPU
		{C00DD68F-DBEB-4755-A227-1768F6C94533}.Debug|Any CPU.Deploy.0 = Debug|Any CPU
		{C00DD68F-DBEB-4755-A227-1768F6C94533}.Release|Any CPU.ActiveCfg = Release|Any CPU
		{C00DD68F-DBEB-4755-A227-1768F6C94533}.Release|Any CPU.Build.0 = Release|Any CPU
		{C00DD68F-DBEB-4755-A227-1768F6C94533}.Release|Any CPU.Deploy.0 = Release|Any CPU
	EndGlobalSection
	GlobalSection(SolutionProperties) = preSolution
		HideSolutionNode = FALSE
	EndGlobalSection
EndGlobal
